Microsoft Visual Studio Solution File, Format Version 11.00
# Visual Studio 2008

Project("{399A1709-F84E-CCD0-090A-73EE1E4E5ADC}") = "ROOPE", "Assembly-CSharp.csproj", "{924D7765-5E98-B203-E43F-15F8808A6EBF}"
EndProject
Global
	GlobalSection(SolutionConfigurationPlatforms) = preSolution
		Debug|Any CPU = Debug|Any CPU
		Release|Any CPU = Release|Any CPU
	EndGlobalSection
	GlobalSection(ProjectConfigurationPlatforms) = postSolution
		{924D7765-5E98-B203-E43F-15F8808A6EBF}.Debug|Any CPU.ActiveCfg = Debug|Any CPU
		{924D7765-5E98-B203-E43F-15F8808A6EBF}.Debug|Any CPU.Build.0 = Debug|Any CPU
		{924D7765-5E98-B203-E43F-15F8808A6EBF}.Release|Any CPU.ActiveCfg = Release|Any CPU
		{924D7765-5E98-B203-E43F-15F8808A6EBF}.Release|Any CPU.Build.0 = Release|Any CPU
	EndGlobalSection
	GlobalSection(SolutionProperties) = preSolution
		HideSolutionNode = FALSE
	EndGlobalSection
	GlobalSection(MonoDevelopProperties) = preSolution
		StartupItem = Assembly-CSharp.csproj
	EndGlobalSection
EndGlobal
